// !$*UTF8*$!
{
	archiveVersion = 1;
	classes = {
	};
	objectVersion = 51;
	objects = {

/* Begin PBXBuildFile section */
		01E278AC130E3AA6CB4662E7 /* CommonFeatures.framework in Frameworks */ = {isa = PBXBuildFile; fileRef = 91EC891D45F2A087B5BB1316 /* CommonFeatures.framework */; };
		0FF7FBC4FB289B45BFC99B00 /* CommonFeatures.framework in Embed Frameworks */ = {isa = PBXBuildFile; fileRef = 91EC891D45F2A087B5BB1316 /* CommonFeatures.framework */; settings = {ATTRIBUTES = (CodeSignOnCopy, RemoveHeadersOnCopy, ); }; };
		146A74B71F64C9C5B8170D7E /* Data.h in Headers */ = {isa = PBXBuildFile; fileRef = 8D72F39FDA1963D94796630F /* Data.h */; settings = {ATTRIBUTES = (Public, ); }; };
		1737F246D596EBF24C27BA3B /* Domain.framework in Frameworks */ = {isa = PBXBuildFile; fileRef = 934F0C124C34F4C422D113E9 /* Domain.framework */; };
		1FFCD141E9AFE6B076C8A745 /* CommonFeatures.h in Headers */ = {isa = PBXBuildFile; fileRef = FD19B997745A57580CD8DF8F /* CommonFeatures.h */; settings = {ATTRIBUTES = (Public, ); }; };
		2376F848157CAEF955453ACB /* Data.framework in Embed Frameworks */ = {isa = PBXBuildFile; fileRef = BC9B24C77563B07B502E7A72 /* Data.framework */; settings = {ATTRIBUTES = (CodeSignOnCopy, RemoveHeadersOnCopy, ); }; };
		2C17EB82D4C5DCFBE15CD76C /* Domain.h in Headers */ = {isa = PBXBuildFile; fileRef = E09A2A48E1D4DA08E0EB7EC2 /* Domain.h */; settings = {ATTRIBUTES = (Public, ); }; };
		2D41DE06169C15FED8038F1A /* CommonFeatures.framework in Frameworks */ = {isa = PBXBuildFile; fileRef = 91EC891D45F2A087B5BB1316 /* CommonFeatures.framework */; };
		2DB545A870BA920EB1D0F8CA /* KoombeaIGTests.swift in Sources */ = {isa = PBXBuildFile; fileRef = 1B30C267D07D290CE6003BD4 /* KoombeaIGTests.swift */; };
		35FB0DB27FD8FEC9F6644B19 /* CommonFeatures.framework in Embed Frameworks */ = {isa = PBXBuildFile; fileRef = 91EC891D45F2A087B5BB1316 /* CommonFeatures.framework */; settings = {ATTRIBUTES = (CodeSignOnCopy, RemoveHeadersOnCopy, ); }; };
		3D9C0B0C095A9C8E849190BC /* DataTests.swift in Sources */ = {isa = PBXBuildFile; fileRef = 522EAE70A0EAB12574215B4A /* DataTests.swift */; };
		6FAC3C017F52100D5EDAC4A6 /* Injector.framework in Embed Frameworks */ = {isa = PBXBuildFile; fileRef = AC2CD2DF5D7CFDFFD2C4EA28 /* Injector.framework */; settings = {ATTRIBUTES = (CodeSignOnCopy, RemoveHeadersOnCopy, ); }; };
		7287599A45F1104CA552B293 /* Domain.framework in Embed Frameworks */ = {isa = PBXBuildFile; fileRef = 934F0C124C34F4C422D113E9 /* Domain.framework */; settings = {ATTRIBUTES = (CodeSignOnCopy, RemoveHeadersOnCopy, ); }; };
		7FD73C04187BE3354261FDF7 /* Injector.framework in Frameworks */ = {isa = PBXBuildFile; fileRef = AC2CD2DF5D7CFDFFD2C4EA28 /* Injector.framework */; };
		8939E883455E9A1B994BBAE7 /* LaunchScreen.storyboard in Resources */ = {isa = PBXBuildFile; fileRef = B9783EA698112E148C86A4E6 /* LaunchScreen.storyboard */; };
		8F98D8DD9C55097110826520 /* Data.framework in Frameworks */ = {isa = PBXBuildFile; fileRef = BC9B24C77563B07B502E7A72 /* Data.framework */; };
		979AAE8A59A18E20AB3672FA /* Domain.framework in Frameworks */ = {isa = PBXBuildFile; fileRef = 934F0C124C34F4C422D113E9 /* Domain.framework */; };
		9EF7CB1FE5D293E28897D33D /* CommonFeatures.framework in Embed Frameworks */ = {isa = PBXBuildFile; fileRef = 91EC891D45F2A087B5BB1316 /* CommonFeatures.framework */; settings = {ATTRIBUTES = (CodeSignOnCopy, RemoveHeadersOnCopy, ); }; };
		A6E53BFA804B7436CD45BEAE /* SceneDelegate.swift in Sources */ = {isa = PBXBuildFile; fileRef = ABBD25ACD55108B1F695E995 /* SceneDelegate.swift */; };
		B3106C144673F5A250111081 /* DomainTests.swift in Sources */ = {isa = PBXBuildFile; fileRef = B2D0CF1B645B7C030A9E538E /* DomainTests.swift */; };
		BA47E99B65D098FE3F99FA42 /* Assets.xcassets in Resources */ = {isa = PBXBuildFile; fileRef = 596E6D8C4CC3FD626999CAF6 /* Assets.xcassets */; };
		BADD5D917994A1AD9F581637 /* CommonFeatures.framework in Embed Frameworks */ = {isa = PBXBuildFile; fileRef = 91EC891D45F2A087B5BB1316 /* CommonFeatures.framework */; settings = {ATTRIBUTES = (CodeSignOnCopy, RemoveHeadersOnCopy, ); }; };
		C226FD78242EEDD691FFAE73 /* Domain.framework in Frameworks */ = {isa = PBXBuildFile; fileRef = 934F0C124C34F4C422D113E9 /* Domain.framework */; };
		C8755B182274097FFC561D6F /* Domain.framework in Frameworks */ = {isa = PBXBuildFile; fileRef = 934F0C124C34F4C422D113E9 /* Domain.framework */; };
		C9BB820FB7A43D258C131E1B /* CommonFeatures.framework in Frameworks */ = {isa = PBXBuildFile; fileRef = 91EC891D45F2A087B5BB1316 /* CommonFeatures.framework */; };
		CA3B41CEE9D53AFD803069A9 /* Kingfisher in Frameworks */ = {isa = PBXBuildFile; productRef = AE17F3EC3A52D5F96E0EE991 /* Kingfisher */; };
		CB2DD883C714B91288CF7FD8 /* CommonFeatures.framework in Frameworks */ = {isa = PBXBuildFile; fileRef = 91EC891D45F2A087B5BB1316 /* CommonFeatures.framework */; };
		CC8A6987188A8F56E870EA10 /* Domain.framework in Embed Frameworks */ = {isa = PBXBuildFile; fileRef = 934F0C124C34F4C422D113E9 /* Domain.framework */; settings = {ATTRIBUTES = (CodeSignOnCopy, RemoveHeadersOnCopy, ); }; };
		D89BFD4A5D7BE819D24D84B1 /* AppDelegate.swift in Sources */ = {isa = PBXBuildFile; fileRef = 5EFA7DA13E8E2DA049AAB040 /* AppDelegate.swift */; };
		E831F10C2FB974250EFD1A36 /* CommonFeatures.framework in Frameworks */ = {isa = PBXBuildFile; fileRef = 91EC891D45F2A087B5BB1316 /* CommonFeatures.framework */; };
		EE800F983AE0E4704650CE11 /* Injector.h in Headers */ = {isa = PBXBuildFile; fileRef = FD72375B4733B58C330235FB /* Injector.h */; settings = {ATTRIBUTES = (Public, ); }; };
		EE999F517F994680E6D4F69B /* CommonFeatures.framework in Frameworks */ = {isa = PBXBuildFile; fileRef = 91EC891D45F2A087B5BB1316 /* CommonFeatures.framework */; };
		F5589AA090B7B16274D8658F /* PromiseKit in Frameworks */ = {isa = PBXBuildFile; productRef = AE6FB887BDF95D609A7BBCD7 /* PromiseKit */; };
/* End PBXBuildFile section */

/* Begin PBXContainerItemProxy section */
		085AFC30C9EC178654C5A784 /* PBXContainerItemProxy */ = {
			isa = PBXContainerItemProxy;
			containerPortal = DAA4C1FF58459B3E793F6E74 /* Project object */;
			proxyType = 1;
			remoteGlobalIDString = 2336516B3178B08C1D82AB24;
			remoteInfo = CommonFeatures;
		};
		1A7298A9AE95264064BDB1B1 /* PBXContainerItemProxy */ = {
			isa = PBXContainerItemProxy;
			containerPortal = DAA4C1FF58459B3E793F6E74 /* Project object */;
			proxyType = 1;
			remoteGlobalIDString = 2336516B3178B08C1D82AB24;
			remoteInfo = CommonFeatures;
		};
		1AEBCC8D5DCA5D125AE1BAFD /* PBXContainerItemProxy */ = {
			isa = PBXContainerItemProxy;
			containerPortal = DAA4C1FF58459B3E793F6E74 /* Project object */;
			proxyType = 1;
			remoteGlobalIDString = 5EC22DE5BB79A6711B4EFDCD;
			remoteInfo = Domain;
		};
		345053C2C020ECEE20F65983 /* PBXContainerItemProxy */ = {
			isa = PBXContainerItemProxy;
			containerPortal = DAA4C1FF58459B3E793F6E74 /* Project object */;
			proxyType = 1;
			remoteGlobalIDString = 0D9BBA5A5323ABFB25D132BC;
			remoteInfo = KoombeaIG;
		};
		4B390EDB49CD62B2449302F7 /* PBXContainerItemProxy */ = {
			isa = PBXContainerItemProxy;
			containerPortal = DAA4C1FF58459B3E793F6E74 /* Project object */;
			proxyType = 1;
			remoteGlobalIDString = 6D2496A87A84A06D389ECD34;
			remoteInfo = Injector;
		};
		5575E9B6920776BAF8D81F39 /* PBXContainerItemProxy */ = {
			isa = PBXContainerItemProxy;
			containerPortal = DAA4C1FF58459B3E793F6E74 /* Project object */;
			proxyType = 1;
			remoteGlobalIDString = 2336516B3178B08C1D82AB24;
			remoteInfo = CommonFeatures;
		};
		7E32778643BC2E0FBFD1E871 /* PBXContainerItemProxy */ = {
			isa = PBXContainerItemProxy;
			containerPortal = DAA4C1FF58459B3E793F6E74 /* Project object */;
			proxyType = 1;
			remoteGlobalIDString = 5EC22DE5BB79A6711B4EFDCD;
			remoteInfo = Domain;
		};
		8C22353CD8C15539DF262B1E /* PBXContainerItemProxy */ = {
			isa = PBXContainerItemProxy;
			containerPortal = DAA4C1FF58459B3E793F6E74 /* Project object */;
			proxyType = 1;
			remoteGlobalIDString = 2336516B3178B08C1D82AB24;
			remoteInfo = CommonFeatures;
		};
		B4D7575DC508BF56379E13B0 /* PBXContainerItemProxy */ = {
			isa = PBXContainerItemProxy;
			containerPortal = DAA4C1FF58459B3E793F6E74 /* Project object */;
			proxyType = 1;
			remoteGlobalIDString = 5EC22DE5BB79A6711B4EFDCD;
			remoteInfo = Domain;
		};
		DA9CC3B7EB436A1851D6FB27 /* PBXContainerItemProxy */ = {
			isa = PBXContainerItemProxy;
			containerPortal = DAA4C1FF58459B3E793F6E74 /* Project object */;
			proxyType = 1;
			remoteGlobalIDString = B09D19DFCAD4C1B60C5A0A58;
			remoteInfo = Data;
		};
		DB05BCCBEC8E16571C83D67D /* PBXContainerItemProxy */ = {
			isa = PBXContainerItemProxy;
			containerPortal = DAA4C1FF58459B3E793F6E74 /* Project object */;
			proxyType = 1;
			remoteGlobalIDString = 2336516B3178B08C1D82AB24;
			remoteInfo = CommonFeatures;
		};
		E41CDB17CB5E066B360209A8 /* PBXContainerItemProxy */ = {
			isa = PBXContainerItemProxy;
			containerPortal = DAA4C1FF58459B3E793F6E74 /* Project object */;
			proxyType = 1;
			remoteGlobalIDString = 5EC22DE5BB79A6711B4EFDCD;
			remoteInfo = Domain;
		};
		F8029DBB4BFAD8C846EAEAE7 /* PBXContainerItemProxy */ = {
			isa = PBXContainerItemProxy;
			containerPortal = DAA4C1FF58459B3E793F6E74 /* Project object */;
			proxyType = 1;
			remoteGlobalIDString = 2336516B3178B08C1D82AB24;
			remoteInfo = CommonFeatures;
		};
/* End PBXContainerItemProxy section */

/* Begin PBXCopyFilesBuildPhase section */
		5114CD87EE78BCBC0E9937A5 /* Embed Frameworks */ = {
			isa = PBXCopyFilesBuildPhase;
			buildActionMask = 2147483647;
			dstPath = "";
			dstSubfolderSpec = 10;
			files = (
				CC8A6987188A8F56E870EA10 /* Domain.framework in Embed Frameworks */,
				6FAC3C017F52100D5EDAC4A6 /* Injector.framework in Embed Frameworks */,
				BADD5D917994A1AD9F581637 /* CommonFeatures.framework in Embed Frameworks */,
			);
			name = "Embed Frameworks";
			runOnlyForDeploymentPostprocessing = 0;
		};
		6774041B2064EE0DB74F8B3A /* Embed Frameworks */ = {
			isa = PBXCopyFilesBuildPhase;
			buildActionMask = 2147483647;
			dstPath = "";
			dstSubfolderSpec = 10;
			files = (
				9EF7CB1FE5D293E28897D33D /* CommonFeatures.framework in Embed Frameworks */,
			);
			name = "Embed Frameworks";
			runOnlyForDeploymentPostprocessing = 0;
		};
		E974D3541C950D04773179A9 /* Embed Frameworks */ = {
			isa = PBXCopyFilesBuildPhase;
			buildActionMask = 2147483647;
			dstPath = "";
			dstSubfolderSpec = 10;
			files = (
				7287599A45F1104CA552B293 /* Domain.framework in Embed Frameworks */,
				0FF7FBC4FB289B45BFC99B00 /* CommonFeatures.framework in Embed Frameworks */,
			);
			name = "Embed Frameworks";
			runOnlyForDeploymentPostprocessing = 0;
		};
		FD71F6C0A7F8844FAA0144C5 /* Embed Frameworks */ = {
			isa = PBXCopyFilesBuildPhase;
			buildActionMask = 2147483647;
			dstPath = "";
			dstSubfolderSpec = 10;
			files = (
				2376F848157CAEF955453ACB /* Data.framework in Embed Frameworks */,
				35FB0DB27FD8FEC9F6644B19 /* CommonFeatures.framework in Embed Frameworks */,
			);
			name = "Embed Frameworks";
			runOnlyForDeploymentPostprocessing = 0;
		};
/* End PBXCopyFilesBuildPhase section */

/* Begin PBXFileReference section */
		00188E118F767E43CB74A779 /* DataTests.xctest */ = {isa = PBXFileReference; includeInIndex = 0; lastKnownFileType = wrapper.cfbundle; path = DataTests.xctest; sourceTree = BUILT_PRODUCTS_DIR; };
		07547D9216B90B57DD0C5D91 /* Info.plist */ = {isa = PBXFileReference; lastKnownFileType = text.plist; path = Info.plist; sourceTree = "<group>"; };
		1B30C267D07D290CE6003BD4 /* KoombeaIGTests.swift */ = {isa = PBXFileReference; lastKnownFileType = sourcecode.swift; path = KoombeaIGTests.swift; sourceTree = "<group>"; };
		4645DBFEAA8293DA59D5A59B /* Info.plist */ = {isa = PBXFileReference; lastKnownFileType = text.plist; path = Info.plist; sourceTree = "<group>"; };
		51C6044680D3A77C7B7F89B2 /* Info.plist */ = {isa = PBXFileReference; lastKnownFileType = text.plist; path = Info.plist; sourceTree = "<group>"; };
		522EAE70A0EAB12574215B4A /* DataTests.swift */ = {isa = PBXFileReference; lastKnownFileType = sourcecode.swift; path = DataTests.swift; sourceTree = "<group>"; };
		572C16CA0490AA58F7583BA0 /* Info.plist */ = {isa = PBXFileReference; lastKnownFileType = text.plist; path = Info.plist; sourceTree = "<group>"; };
		596E6D8C4CC3FD626999CAF6 /* Assets.xcassets */ = {isa = PBXFileReference; lastKnownFileType = folder.assetcatalog; path = Assets.xcassets; sourceTree = "<group>"; };
		5EFA7DA13E8E2DA049AAB040 /* AppDelegate.swift */ = {isa = PBXFileReference; lastKnownFileType = sourcecode.swift; path = AppDelegate.swift; sourceTree = "<group>"; };
		6751489F4C1566C5C328BA22 /* Info.plist */ = {isa = PBXFileReference; lastKnownFileType = text.plist; path = Info.plist; sourceTree = "<group>"; };
		6892805B986D1946A3B26EF2 /* Info.plist */ = {isa = PBXFileReference; lastKnownFileType = text.plist; path = Info.plist; sourceTree = "<group>"; };
		8D72F39FDA1963D94796630F /* Data.h */ = {isa = PBXFileReference; lastKnownFileType = sourcecode.c.h; path = Data.h; sourceTree = "<group>"; };
		9143D6ADE57A7B6E1B3B8C68 /* DomainTests.xctest */ = {isa = PBXFileReference; includeInIndex = 0; lastKnownFileType = wrapper.cfbundle; path = DomainTests.xctest; sourceTree = BUILT_PRODUCTS_DIR; };
		91EC891D45F2A087B5BB1316 /* CommonFeatures.framework */ = {isa = PBXFileReference; explicitFileType = wrapper.framework; includeInIndex = 0; path = CommonFeatures.framework; sourceTree = BUILT_PRODUCTS_DIR; };
		92B731C348CE1567BCD90F93 /* KoombeaIGTests.xctest */ = {isa = PBXFileReference; includeInIndex = 0; lastKnownFileType = wrapper.cfbundle; path = KoombeaIGTests.xctest; sourceTree = BUILT_PRODUCTS_DIR; };
		934F0C124C34F4C422D113E9 /* Domain.framework */ = {isa = PBXFileReference; explicitFileType = wrapper.framework; includeInIndex = 0; path = Domain.framework; sourceTree = BUILT_PRODUCTS_DIR; };
		ABBD25ACD55108B1F695E995 /* SceneDelegate.swift */ = {isa = PBXFileReference; lastKnownFileType = sourcecode.swift; path = SceneDelegate.swift; sourceTree = "<group>"; };
		AC2CD2DF5D7CFDFFD2C4EA28 /* Injector.framework */ = {isa = PBXFileReference; explicitFileType = wrapper.framework; includeInIndex = 0; path = Injector.framework; sourceTree = BUILT_PRODUCTS_DIR; };
		B2D0CF1B645B7C030A9E538E /* DomainTests.swift */ = {isa = PBXFileReference; lastKnownFileType = sourcecode.swift; path = DomainTests.swift; sourceTree = "<group>"; };
		B9783EA698112E148C86A4E6 /* LaunchScreen.storyboard */ = {isa = PBXFileReference; lastKnownFileType = file.storyboard; path = LaunchScreen.storyboard; sourceTree = "<group>"; };
		BC9B24C77563B07B502E7A72 /* Data.framework */ = {isa = PBXFileReference; explicitFileType = wrapper.framework; includeInIndex = 0; path = Data.framework; sourceTree = BUILT_PRODUCTS_DIR; };
		C1AC09D99446EA56BF958129 /* Info.plist */ = {isa = PBXFileReference; lastKnownFileType = text.plist; path = Info.plist; sourceTree = "<group>"; };
		D0197744306D2CA9501BADE3 /* KoombeaIG.app */ = {isa = PBXFileReference; includeInIndex = 0; lastKnownFileType = wrapper.application; path = KoombeaIG.app; sourceTree = BUILT_PRODUCTS_DIR; };
		E09A2A48E1D4DA08E0EB7EC2 /* Domain.h */ = {isa = PBXFileReference; lastKnownFileType = sourcecode.c.h; path = Domain.h; sourceTree = "<group>"; };
		F515F34756660E5F7030FF8E /* Info.plist */ = {isa = PBXFileReference; lastKnownFileType = text.plist; path = Info.plist; sourceTree = "<group>"; };
		FD19B997745A57580CD8DF8F /* CommonFeatures.h */ = {isa = PBXFileReference; lastKnownFileType = sourcecode.c.h; path = CommonFeatures.h; sourceTree = "<group>"; };
		FD72375B4733B58C330235FB /* Injector.h */ = {isa = PBXFileReference; lastKnownFileType = sourcecode.c.h; path = Injector.h; sourceTree = "<group>"; };
/* End PBXFileReference section */

/* Begin PBXFrameworksBuildPhase section */
		1D05F81D5B9AF8431BD8BDDA /* Frameworks */ = {
			isa = PBXFrameworksBuildPhase;
			buildActionMask = 2147483647;
			files = (
				2D41DE06169C15FED8038F1A /* CommonFeatures.framework in Frameworks */,
			);
			runOnlyForDeploymentPostprocessing = 0;
		};
		23E8D5DE5EA7589190359E17 /* Frameworks */ = {
			isa = PBXFrameworksBuildPhase;
			buildActionMask = 2147483647;
			files = (
				979AAE8A59A18E20AB3672FA /* Domain.framework in Frameworks */,
				7FD73C04187BE3354261FDF7 /* Injector.framework in Frameworks */,
				E831F10C2FB974250EFD1A36 /* CommonFeatures.framework in Frameworks */,
				CA3B41CEE9D53AFD803069A9 /* Kingfisher in Frameworks */,
			);
			runOnlyForDeploymentPostprocessing = 0;
		};
		29730AADF408429FE27BD493 /* Frameworks */ = {
			isa = PBXFrameworksBuildPhase;
			buildActionMask = 2147483647;
			files = (
				1737F246D596EBF24C27BA3B /* Domain.framework in Frameworks */,
			);
			runOnlyForDeploymentPostprocessing = 0;
		};
		4C648C87D5C9E0589D968167 /* Frameworks */ = {
			isa = PBXFrameworksBuildPhase;
			buildActionMask = 2147483647;
			files = (
				F5589AA090B7B16274D8658F /* PromiseKit in Frameworks */,
			);
			runOnlyForDeploymentPostprocessing = 0;
		};
		616B7598C29E1E6650B71A0D /* Frameworks */ = {
			isa = PBXFrameworksBuildPhase;
			buildActionMask = 2147483647;
			files = (
				C226FD78242EEDD691FFAE73 /* Domain.framework in Frameworks */,
				CB2DD883C714B91288CF7FD8 /* CommonFeatures.framework in Frameworks */,
			);
			runOnlyForDeploymentPostprocessing = 0;
		};
		73209F51773B57205047C933 /* Frameworks */ = {
			isa = PBXFrameworksBuildPhase;
			buildActionMask = 2147483647;
			files = (
				EE999F517F994680E6D4F69B /* CommonFeatures.framework in Frameworks */,
			);
			runOnlyForDeploymentPostprocessing = 0;
		};
		AD333F9C6295E19DED6B95D6 /* Frameworks */ = {
			isa = PBXFrameworksBuildPhase;
			buildActionMask = 2147483647;
			files = (
				C8755B182274097FFC561D6F /* Domain.framework in Frameworks */,
				01E278AC130E3AA6CB4662E7 /* CommonFeatures.framework in Frameworks */,
			);
			runOnlyForDeploymentPostprocessing = 0;
		};
		EDA10CA83B31D88FF2EC653B /* Frameworks */ = {
			isa = PBXFrameworksBuildPhase;
			buildActionMask = 2147483647;
			files = (
				8F98D8DD9C55097110826520 /* Data.framework in Frameworks */,
				C9BB820FB7A43D258C131E1B /* CommonFeatures.framework in Frameworks */,
			);
			runOnlyForDeploymentPostprocessing = 0;
		};
/* End PBXFrameworksBuildPhase section */

/* Begin PBXGroup section */
		32B128130F0A81BE18BA396F /* DataTests */ = {
			isa = PBXGroup;
			children = (
				522EAE70A0EAB12574215B4A /* DataTests.swift */,
				572C16CA0490AA58F7583BA0 /* Info.plist */,
			);
			path = DataTests;
			sourceTree = "<group>";
		};
		3A52E1AB791B06310229FB1B /* KoombeaIGTests */ = {
			isa = PBXGroup;
			children = (
				07547D9216B90B57DD0C5D91 /* Info.plist */,
				1B30C267D07D290CE6003BD4 /* KoombeaIGTests.swift */,
			);
			path = KoombeaIGTests;
			sourceTree = "<group>";
		};
		3DB407A764539F5ED8C60786 /* Resources */ = {
			isa = PBXGroup;
			children = (
				596E6D8C4CC3FD626999CAF6 /* Assets.xcassets */,
			);
			path = Resources;
			sourceTree = "<group>";
		};
		4AE26B6B90FBC4404350FED3 = {
			isa = PBXGroup;
			children = (
				82E9EFA38A40921B5ED4324F /* CommonFeatures */,
				B322CBAEC166945E043CE5DB /* Data */,
				32B128130F0A81BE18BA396F /* DataTests */,
				74A35121FACFB697EFF25CF2 /* Domain */,
				6E0D0E25FA92887E52A6FD9D /* DomainTests */,
				DC4638E6D46AA41BA46B7038 /* Injector */,
				D3537E811D10B3C4FB56A0CC /* KoombeaIG */,
				3A52E1AB791B06310229FB1B /* KoombeaIGTests */,
				C63FA3600239AD6AB040875A /* Products */,
			);
			sourceTree = "<group>";
		};
		4DC8A917E64E8D3C9A00145D /* Photos */ = {
			isa = PBXGroup;
			children = (
			);
			path = Photos;
			sourceTree = "<group>";
		};
		6E0D0E25FA92887E52A6FD9D /* DomainTests */ = {
			isa = PBXGroup;
			children = (
				B2D0CF1B645B7C030A9E538E /* DomainTests.swift */,
				4645DBFEAA8293DA59D5A59B /* Info.plist */,
			);
			path = DomainTests;
			sourceTree = "<group>";
		};
		74A35121FACFB697EFF25CF2 /* Domain */ = {
			isa = PBXGroup;
			children = (
				E09A2A48E1D4DA08E0EB7EC2 /* Domain.h */,
				6751489F4C1566C5C328BA22 /* Info.plist */,
			);
			path = Domain;
			sourceTree = "<group>";
		};
		82E9EFA38A40921B5ED4324F /* CommonFeatures */ = {
			isa = PBXGroup;
			children = (
				FD19B997745A57580CD8DF8F /* CommonFeatures.h */,
				F515F34756660E5F7030FF8E /* Info.plist */,
			);
			path = CommonFeatures;
			sourceTree = "<group>";
		};
		B205DED97E24B9A06672FDF6 /* Modules */ = {
			isa = PBXGroup;
			children = (
				E3D37B65F43755E5A351E83A /* LaunchScreen */,
				4DC8A917E64E8D3C9A00145D /* Photos */,
			);
			path = Modules;
			sourceTree = "<group>";
		};
		B322CBAEC166945E043CE5DB /* Data */ = {
			isa = PBXGroup;
			children = (
				8D72F39FDA1963D94796630F /* Data.h */,
				C1AC09D99446EA56BF958129 /* Info.plist */,
			);
			path = Data;
			sourceTree = "<group>";
		};
		C63FA3600239AD6AB040875A /* Products */ = {
			isa = PBXGroup;
			children = (
				91EC891D45F2A087B5BB1316 /* CommonFeatures.framework */,
				BC9B24C77563B07B502E7A72 /* Data.framework */,
				00188E118F767E43CB74A779 /* DataTests.xctest */,
				934F0C124C34F4C422D113E9 /* Domain.framework */,
				9143D6ADE57A7B6E1B3B8C68 /* DomainTests.xctest */,
				AC2CD2DF5D7CFDFFD2C4EA28 /* Injector.framework */,
				D0197744306D2CA9501BADE3 /* KoombeaIG.app */,
				92B731C348CE1567BCD90F93 /* KoombeaIGTests.xctest */,
			);
			name = Products;
			sourceTree = "<group>";
		};
		D3537E811D10B3C4FB56A0CC /* KoombeaIG */ = {
			isa = PBXGroup;
			children = (
				EA218AB8373F790B3BFCD813 /* Base */,
				E2C471267AB63732B2C0FBD9 /* Config */,
				B205DED97E24B9A06672FDF6 /* Modules */,
				3DB407A764539F5ED8C60786 /* Resources */,
			);
			path = KoombeaIG;
			sourceTree = "<group>";
		};
		DC4638E6D46AA41BA46B7038 /* Injector */ = {
			isa = PBXGroup;
			children = (
				51C6044680D3A77C7B7F89B2 /* Info.plist */,
				FD72375B4733B58C330235FB /* Injector.h */,
			);
			path = Injector;
			sourceTree = "<group>";
		};
		E2C471267AB63732B2C0FBD9 /* Config */ = {
			isa = PBXGroup;
			children = (
				6892805B986D1946A3B26EF2 /* Info.plist */,
			);
			path = Config;
			sourceTree = "<group>";
		};
		E3D37B65F43755E5A351E83A /* LaunchScreen */ = {
			isa = PBXGroup;
			children = (
				B9783EA698112E148C86A4E6 /* LaunchScreen.storyboard */,
			);
			path = LaunchScreen;
			sourceTree = "<group>";
		};
		EA218AB8373F790B3BFCD813 /* Base */ = {
			isa = PBXGroup;
			children = (
				5EFA7DA13E8E2DA049AAB040 /* AppDelegate.swift */,
				ABBD25ACD55108B1F695E995 /* SceneDelegate.swift */,
			);
			path = Base;
			sourceTree = "<group>";
		};
/* End PBXGroup section */

/* Begin PBXHeadersBuildPhase section */
		4C487FB7C08589B81175ABAF /* Headers */ = {
			isa = PBXHeadersBuildPhase;
			buildActionMask = 2147483647;
			files = (
				EE800F983AE0E4704650CE11 /* Injector.h in Headers */,
			);
			runOnlyForDeploymentPostprocessing = 0;
		};
		51A8D4044697CFAF06E44DBB /* Headers */ = {
			isa = PBXHeadersBuildPhase;
			buildActionMask = 2147483647;
			files = (
				146A74B71F64C9C5B8170D7E /* Data.h in Headers */,
			);
			runOnlyForDeploymentPostprocessing = 0;
		};
		BF7B54804B3AF4D5095D95D8 /* Headers */ = {
			isa = PBXHeadersBuildPhase;
			buildActionMask = 2147483647;
			files = (
				2C17EB82D4C5DCFBE15CD76C /* Domain.h in Headers */,
			);
			runOnlyForDeploymentPostprocessing = 0;
		};
		F73DE593EDD0864B4B22C413 /* Headers */ = {
			isa = PBXHeadersBuildPhase;
			buildActionMask = 2147483647;
			files = (
				1FFCD141E9AFE6B076C8A745 /* CommonFeatures.h in Headers */,
			);
			runOnlyForDeploymentPostprocessing = 0;
		};
/* End PBXHeadersBuildPhase section */

/* Begin PBXNativeTarget section */
		0D9BBA5A5323ABFB25D132BC /* KoombeaIG */ = {
			isa = PBXNativeTarget;
			buildConfigurationList = 0C041287E183F73ED8B43E54 /* Build configuration list for PBXNativeTarget "KoombeaIG" */;
			buildPhases = (
				6D50DC003CBC1FB2AF3E0058 /* Sources */,
				50DF38781538276ABC2914CE /* Run swiftlint */,
				7F089E816D9394F1F699A835 /* Resources */,
				23E8D5DE5EA7589190359E17 /* Frameworks */,
				5114CD87EE78BCBC0E9937A5 /* Embed Frameworks */,
			);
			buildRules = (
			);
			dependencies = (
				B2D05B2A91B41EB9EDEB9087 /* PBXTargetDependency */,
				4FDC40E71C1EAF0153E21EFA /* PBXTargetDependency */,
				B86E6260CB78EFAC9C50ADCA /* PBXTargetDependency */,
			);
			name = KoombeaIG;
			packageProductDependencies = (
				AE17F3EC3A52D5F96E0EE991 /* Kingfisher */,
			);
			productName = KoombeaIG;
			productReference = D0197744306D2CA9501BADE3 /* KoombeaIG.app */;
			productType = "com.apple.product-type.application";
		};
		2336516B3178B08C1D82AB24 /* CommonFeatures */ = {
			isa = PBXNativeTarget;
			buildConfigurationList = 29312E8A25BD06FE401A7733 /* Build configuration list for PBXNativeTarget "CommonFeatures" */;
			buildPhases = (
				F73DE593EDD0864B4B22C413 /* Headers */,
				342EA49474D427521564F202 /* Sources */,
				4C648C87D5C9E0589D968167 /* Frameworks */,
			);
			buildRules = (
			);
			dependencies = (
			);
			name = CommonFeatures;
			packageProductDependencies = (
				AE6FB887BDF95D609A7BBCD7 /* PromiseKit */,
			);
			productName = CommonFeatures;
			productReference = 91EC891D45F2A087B5BB1316 /* CommonFeatures.framework */;
			productType = "com.apple.product-type.framework";
		};
		3BB7BD53005AC43172CAD678 /* DataTests */ = {
			isa = PBXNativeTarget;
			buildConfigurationList = 854F5308E57B59C8191B3E58 /* Build configuration list for PBXNativeTarget "DataTests" */;
			buildPhases = (
				409BFBDE41D02FB4C367A773 /* Sources */,
				EDA10CA83B31D88FF2EC653B /* Frameworks */,
				FD71F6C0A7F8844FAA0144C5 /* Embed Frameworks */,
			);
			buildRules = (
			);
			dependencies = (
				6F73B96190BB464F9A579AC1 /* PBXTargetDependency */,
				E6BB258099EFF62AF809934D /* PBXTargetDependency */,
			);
			name = DataTests;
			productName = DataTests;
			productReference = 00188E118F767E43CB74A779 /* DataTests.xctest */;
			productType = "com.apple.product-type.bundle.unit-test";
		};
		5EC22DE5BB79A6711B4EFDCD /* Domain */ = {
			isa = PBXNativeTarget;
			buildConfigurationList = C0CBF741DBCA01BCCD837760 /* Build configuration list for PBXNativeTarget "Domain" */;
			buildPhases = (
				BF7B54804B3AF4D5095D95D8 /* Headers */,
				7484A7A9E11593F0535625A8 /* Sources */,
				53AE902DE4B2630B9C356446 /* Run swiftlint */,
				73209F51773B57205047C933 /* Frameworks */,
			);
			buildRules = (
			);
			dependencies = (
				54AA9E451DF32ED2D2527729 /* PBXTargetDependency */,
			);
			name = Domain;
			productName = Domain;
			productReference = 934F0C124C34F4C422D113E9 /* Domain.framework */;
			productType = "com.apple.product-type.framework";
		};
		6D2496A87A84A06D389ECD34 /* Injector */ = {
			isa = PBXNativeTarget;
			buildConfigurationList = AE0DC9687DE695FD64EE3047 /* Build configuration list for PBXNativeTarget "Injector" */;
			buildPhases = (
				4C487FB7C08589B81175ABAF /* Headers */,
				D5FB6EAC034461CFDE9CD8A3 /* Sources */,
				6FBB225D2609121221B00540 /* Run swiftlint */,
				29730AADF408429FE27BD493 /* Frameworks */,
			);
			buildRules = (
			);
			dependencies = (
				85EB5BD2DB623E3471FC5763 /* PBXTargetDependency */,
			);
			name = Injector;
			productName = Injector;
			productReference = AC2CD2DF5D7CFDFFD2C4EA28 /* Injector.framework */;
			productType = "com.apple.product-type.framework";
		};
		808F7976F379910D4A680F89 /* DomainTests */ = {
			isa = PBXNativeTarget;
			buildConfigurationList = A5B34525865ACB34BE4A97A7 /* Build configuration list for PBXNativeTarget "DomainTests" */;
			buildPhases = (
				6370255FCC4EEA4B5A9FFA5A /* Sources */,
				AD333F9C6295E19DED6B95D6 /* Frameworks */,
				E974D3541C950D04773179A9 /* Embed Frameworks */,
			);
			buildRules = (
			);
			dependencies = (
				124916083844E1C6B82B2758 /* PBXTargetDependency */,
				EC7792F954B61909B394B6C4 /* PBXTargetDependency */,
			);
			name = DomainTests;
			productName = DomainTests;
			productReference = 9143D6ADE57A7B6E1B3B8C68 /* DomainTests.xctest */;
			productType = "com.apple.product-type.bundle.unit-test";
		};
		91DA212007D61CDC6555F740 /* KoombeaIGTests */ = {
			isa = PBXNativeTarget;
			buildConfigurationList = C7716AEF0B8D26EB0BD05027 /* Build configuration list for PBXNativeTarget "KoombeaIGTests" */;
			buildPhases = (
				95D17FE7958BD74926A59008 /* Sources */,
				1D05F81D5B9AF8431BD8BDDA /* Frameworks */,
				6774041B2064EE0DB74F8B3A /* Embed Frameworks */,
			);
			buildRules = (
			);
			dependencies = (
				40C9E64F96F6389A46933AFD /* PBXTargetDependency */,
				49D1C7DEC86803A43C3955EC /* PBXTargetDependency */,
			);
			name = KoombeaIGTests;
			productName = KoombeaIGTests;
			productReference = 92B731C348CE1567BCD90F93 /* KoombeaIGTests.xctest */;
			productType = "com.apple.product-type.bundle.unit-test";
		};
		B09D19DFCAD4C1B60C5A0A58 /* Data */ = {
			isa = PBXNativeTarget;
			buildConfigurationList = 0AF23A195624DE00A646EDB9 /* Build configuration list for PBXNativeTarget "Data" */;
			buildPhases = (
				51A8D4044697CFAF06E44DBB /* Headers */,
				E049B6955CAEE6493D8FA0BF /* Sources */,
				745F69A9EBFE09C3638F4FC1 /* Run swiftlint */,
				616B7598C29E1E6650B71A0D /* Frameworks */,
			);
			buildRules = (
			);
			dependencies = (
				445193362CFF8A96D37E5900 /* PBXTargetDependency */,
				ED083E1EB32001C0D721ECEF /* PBXTargetDependency */,
			);
			name = Data;
			productName = Data;
			productReference = BC9B24C77563B07B502E7A72 /* Data.framework */;
			productType = "com.apple.product-type.framework";
		};
/* End PBXNativeTarget section */

/* Begin PBXProject section */
		DAA4C1FF58459B3E793F6E74 /* Project object */ = {
			isa = PBXProject;
			attributes = {
				LastUpgradeCheck = 1200;
				TargetAttributes = {
				};
			};
			buildConfigurationList = A3249CA2AB476E922581D8E4 /* Build configuration list for PBXProject "KoombeaIG" */;
			compatibilityVersion = "Xcode 10.0";
			developmentRegion = en;
			hasScannedForEncodings = 0;
			knownRegions = (
				Base,
				en,
			);
			mainGroup = 4AE26B6B90FBC4404350FED3;
			packageReferences = (
				8A46492D61627A5A2BD15DCE /* XCRemoteSwiftPackageReference "Kingfisher" */,
				99631550B4EB622AC53213BA /* XCRemoteSwiftPackageReference "PromiseKit" */,
			);
			projectDirPath = "";
			projectRoot = "";
			targets = (
				2336516B3178B08C1D82AB24 /* CommonFeatures */,
				B09D19DFCAD4C1B60C5A0A58 /* Data */,
				3BB7BD53005AC43172CAD678 /* DataTests */,
				5EC22DE5BB79A6711B4EFDCD /* Domain */,
				808F7976F379910D4A680F89 /* DomainTests */,
				6D2496A87A84A06D389ECD34 /* Injector */,
				0D9BBA5A5323ABFB25D132BC /* KoombeaIG */,
				91DA212007D61CDC6555F740 /* KoombeaIGTests */,
			);
		};
/* End PBXProject section */

/* Begin PBXResourcesBuildPhase section */
		7F089E816D9394F1F699A835 /* Resources */ = {
			isa = PBXResourcesBuildPhase;
			buildActionMask = 2147483647;
			files = (
				BA47E99B65D098FE3F99FA42 /* Assets.xcassets in Resources */,
				8939E883455E9A1B994BBAE7 /* LaunchScreen.storyboard in Resources */,
			);
			runOnlyForDeploymentPostprocessing = 0;
		};
/* End PBXResourcesBuildPhase section */

/* Begin PBXShellScriptBuildPhase section */
		50DF38781538276ABC2914CE /* Run swiftlint */ = {
			isa = PBXShellScriptBuildPhase;
			buildActionMask = 2147483647;
			files = (
			);
			inputFileListPaths = (
			);
			inputPaths = (
			);
			name = "Run swiftlint";
			outputFileListPaths = (
			);
			outputPaths = (
			);
			runOnlyForDeploymentPostprocessing = 0;
			shellPath = /bin/sh;
			shellScript = "if which swiftlint >/dev/null; then\n  swiftlint\nelse\n  echo \"warning: SwiftLint not installed, download from https://github.com/realm/SwiftLint\"\nfi";
		};
		53AE902DE4B2630B9C356446 /* Run swiftlint */ = {
			isa = PBXShellScriptBuildPhase;
			buildActionMask = 2147483647;
			files = (
			);
			inputFileListPaths = (
			);
			inputPaths = (
			);
			name = "Run swiftlint";
			outputFileListPaths = (
			);
			outputPaths = (
			);
			runOnlyForDeploymentPostprocessing = 0;
			shellPath = /bin/sh;
			shellScript = "if which swiftlint >/dev/null; then\n  swiftlint\nelse\n  echo \"warning: SwiftLint not installed, download from https://github.com/realm/SwiftLint\"\nfi";
		};
		6FBB225D2609121221B00540 /* Run swiftlint */ = {
			isa = PBXShellScriptBuildPhase;
			buildActionMask = 2147483647;
			files = (
			);
			inputFileListPaths = (
			);
			inputPaths = (
			);
			name = "Run swiftlint";
			outputFileListPaths = (
			);
			outputPaths = (
			);
			runOnlyForDeploymentPostprocessing = 0;
			shellPath = /bin/sh;
			shellScript = "if which swiftlint >/dev/null; then\n  swiftlint\nelse\n  echo \"warning: SwiftLint not installed, download from https://github.com/realm/SwiftLint\"\nfi";
		};
		745F69A9EBFE09C3638F4FC1 /* Run swiftlint */ = {
			isa = PBXShellScriptBuildPhase;
			buildActionMask = 2147483647;
			files = (
			);
			inputFileListPaths = (
			);
			inputPaths = (
			);
			name = "Run swiftlint";
			outputFileListPaths = (
			);
			outputPaths = (
			);
			runOnlyForDeploymentPostprocessing = 0;
			shellPath = /bin/sh;
			shellScript = "if which swiftlint >/dev/null; then\n  swiftlint\nelse\n  echo \"warning: SwiftLint not installed, download from https://github.com/realm/SwiftLint\"\nfi";
		};
/* End PBXShellScriptBuildPhase section */

/* Begin PBXSourcesBuildPhase section */
		342EA49474D427521564F202 /* Sources */ = {
			isa = PBXSourcesBuildPhase;
			buildActionMask = 2147483647;
			files = (
			);
			runOnlyForDeploymentPostprocessing = 0;
		};
		409BFBDE41D02FB4C367A773 /* Sources */ = {
			isa = PBXSourcesBuildPhase;
			buildActionMask = 2147483647;
			files = (
				3D9C0B0C095A9C8E849190BC /* DataTests.swift in Sources */,
			);
			runOnlyForDeploymentPostprocessing = 0;
		};
		6370255FCC4EEA4B5A9FFA5A /* Sources */ = {
			isa = PBXSourcesBuildPhase;
			buildActionMask = 2147483647;
			files = (
				B3106C144673F5A250111081 /* DomainTests.swift in Sources */,
			);
			runOnlyForDeploymentPostprocessing = 0;
		};
		6D50DC003CBC1FB2AF3E0058 /* Sources */ = {
			isa = PBXSourcesBuildPhase;
			buildActionMask = 2147483647;
			files = (
				D89BFD4A5D7BE819D24D84B1 /* AppDelegate.swift in Sources */,
				A6E53BFA804B7436CD45BEAE /* SceneDelegate.swift in Sources */,
			);
			runOnlyForDeploymentPostprocessing = 0;
		};
		7484A7A9E11593F0535625A8 /* Sources */ = {
			isa = PBXSourcesBuildPhase;
			buildActionMask = 2147483647;
			files = (
			);
			runOnlyForDeploymentPostprocessing = 0;
		};
		95D17FE7958BD74926A59008 /* Sources */ = {
			isa = PBXSourcesBuildPhase;
			buildActionMask = 2147483647;
			files = (
				2DB545A870BA920EB1D0F8CA /* KoombeaIGTests.swift in Sources */,
			);
			runOnlyForDeploymentPostprocessing = 0;
		};
		D5FB6EAC034461CFDE9CD8A3 /* Sources */ = {
			isa = PBXSourcesBuildPhase;
			buildActionMask = 2147483647;
			files = (
			);
			runOnlyForDeploymentPostprocessing = 0;
		};
		E049B6955CAEE6493D8FA0BF /* Sources */ = {
			isa = PBXSourcesBuildPhase;
			buildActionMask = 2147483647;
			files = (
			);
			runOnlyForDeploymentPostprocessing = 0;
		};
/* End PBXSourcesBuildPhase section */

/* Begin PBXTargetDependency section */
		124916083844E1C6B82B2758 /* PBXTargetDependency */ = {
			isa = PBXTargetDependency;
			target = 5EC22DE5BB79A6711B4EFDCD /* Domain */;
			targetProxy = 7E32778643BC2E0FBFD1E871 /* PBXContainerItemProxy */;
		};
		40C9E64F96F6389A46933AFD /* PBXTargetDependency */ = {
			isa = PBXTargetDependency;
			target = 0D9BBA5A5323ABFB25D132BC /* KoombeaIG */;
			targetProxy = 345053C2C020ECEE20F65983 /* PBXContainerItemProxy */;
		};
		445193362CFF8A96D37E5900 /* PBXTargetDependency */ = {
			isa = PBXTargetDependency;
			target = 5EC22DE5BB79A6711B4EFDCD /* Domain */;
			targetProxy = 1AEBCC8D5DCA5D125AE1BAFD /* PBXContainerItemProxy */;
		};
		49D1C7DEC86803A43C3955EC /* PBXTargetDependency */ = {
			isa = PBXTargetDependency;
			target = 2336516B3178B08C1D82AB24 /* CommonFeatures */;
			targetProxy = DB05BCCBEC8E16571C83D67D /* PBXContainerItemProxy */;
		};
		4FDC40E71C1EAF0153E21EFA /* PBXTargetDependency */ = {
			isa = PBXTargetDependency;
			target = 6D2496A87A84A06D389ECD34 /* Injector */;
			targetProxy = 4B390EDB49CD62B2449302F7 /* PBXContainerItemProxy */;
		};
		54AA9E451DF32ED2D2527729 /* PBXTargetDependency */ = {
			isa = PBXTargetDependency;
			target = 2336516B3178B08C1D82AB24 /* CommonFeatures */;
			targetProxy = 1A7298A9AE95264064BDB1B1 /* PBXContainerItemProxy */;
		};
		6F73B96190BB464F9A579AC1 /* PBXTargetDependency */ = {
			isa = PBXTargetDependency;
			target = B09D19DFCAD4C1B60C5A0A58 /* Data */;
			targetProxy = DA9CC3B7EB436A1851D6FB27 /* PBXContainerItemProxy */;
		};
		85EB5BD2DB623E3471FC5763 /* PBXTargetDependency */ = {
			isa = PBXTargetDependency;
			target = 5EC22DE5BB79A6711B4EFDCD /* Domain */;
			targetProxy = B4D7575DC508BF56379E13B0 /* PBXContainerItemProxy */;
		};
		B2D05B2A91B41EB9EDEB9087 /* PBXTargetDependency */ = {
			isa = PBXTargetDependency;
			target = 5EC22DE5BB79A6711B4EFDCD /* Domain */;
			targetProxy = E41CDB17CB5E066B360209A8 /* PBXContainerItemProxy */;
		};
		B86E6260CB78EFAC9C50ADCA /* PBXTargetDependency */ = {
			isa = PBXTargetDependency;
			target = 2336516B3178B08C1D82AB24 /* CommonFeatures */;
			targetProxy = F8029DBB4BFAD8C846EAEAE7 /* PBXContainerItemProxy */;
		};
		E6BB258099EFF62AF809934D /* PBXTargetDependency */ = {
			isa = PBXTargetDependency;
			target = 2336516B3178B08C1D82AB24 /* CommonFeatures */;
			targetProxy = 085AFC30C9EC178654C5A784 /* PBXContainerItemProxy */;
		};
		EC7792F954B61909B394B6C4 /* PBXTargetDependency */ = {
			isa = PBXTargetDependency;
			target = 2336516B3178B08C1D82AB24 /* CommonFeatures */;
			targetProxy = 5575E9B6920776BAF8D81F39 /* PBXContainerItemProxy */;
		};
		ED083E1EB32001C0D721ECEF /* PBXTargetDependency */ = {
			isa = PBXTargetDependency;
			target = 2336516B3178B08C1D82AB24 /* CommonFeatures */;
			targetProxy = 8C22353CD8C15539DF262B1E /* PBXContainerItemProxy */;
		};
/* End PBXTargetDependency section */

/* Begin XCBuildConfiguration section */
		1D4ADA58E88F2293BB3E5139 /* Release */ = {
			isa = XCBuildConfiguration;
			buildSettings = {
				BUNDLE_LOADER = "$(TEST_HOST)";
				INFOPLIST_FILE = DataTests/Info.plist;
				IPHONEOS_DEPLOYMENT_TARGET = 14.0;
				LD_RUNPATH_SEARCH_PATHS = (
					"$(inherited)",
					"@executable_path/Frameworks",
					"@loader_path/Frameworks",
				);
				PRODUCT_BUNDLE_IDENTIFIER = com.sdbt.DataTests;
				SDKROOT = iphoneos;
				TARGETED_DEVICE_FAMILY = "1,2";
			};
			name = Release;
		};
		23437AD6B2366276F2CDC446 /* Release */ = {
			isa = XCBuildConfiguration;
			buildSettings = {
				CODE_SIGN_IDENTITY = "";
				CURRENT_PROJECT_VERSION = 1;
				DEFINES_MODULE = YES;
				DYLIB_COMPATIBILITY_VERSION = 1;
				DYLIB_CURRENT_VERSION = 1;
				DYLIB_INSTALL_NAME_BASE = "@rpath";
				INFOPLIST_FILE = Injector/Info.plist;
				INSTALL_PATH = "$(LOCAL_LIBRARY_DIR)/Frameworks";
				IPHONEOS_DEPLOYMENT_TARGET = 14.0;
				LD_RUNPATH_SEARCH_PATHS = (
					"$(inherited)",
					"@executable_path/Frameworks",
				);
				PRODUCT_BUNDLE_IDENTIFIER = com.sdbt.Injector;
				SDKROOT = iphoneos;
				SKIP_INSTALL = YES;
				TARGETED_DEVICE_FAMILY = "1,2";
				VERSIONING_SYSTEM = "apple-generic";
			};
			name = Release;
		};
		239BBC4C2751E33CE5C01E98 /* Release */ = {
			isa = XCBuildConfiguration;
			buildSettings = {
				BUNDLE_LOADER = "$(TEST_HOST)";
				INFOPLIST_FILE = DomainTests/Info.plist;
				IPHONEOS_DEPLOYMENT_TARGET = 14.0;
				LD_RUNPATH_SEARCH_PATHS = (
					"$(inherited)",
					"@executable_path/Frameworks",
					"@loader_path/Frameworks",
				);
				PRODUCT_BUNDLE_IDENTIFIER = com.sdbt.DomainTests;
				SDKROOT = iphoneos;
				TARGETED_DEVICE_FAMILY = "1,2";
			};
			name = Release;
		};
		2B410BDD9563290C3A587624 /* Debug */ = {
			isa = XCBuildConfiguration;
			buildSettings = {
				CODE_SIGN_IDENTITY = "";
				CURRENT_PROJECT_VERSION = 1;
				DEFINES_MODULE = YES;
				DYLIB_COMPATIBILITY_VERSION = 1;
				DYLIB_CURRENT_VERSION = 1;
				DYLIB_INSTALL_NAME_BASE = "@rpath";
				INFOPLIST_FILE = Data/Info.plist;
				INSTALL_PATH = "$(LOCAL_LIBRARY_DIR)/Frameworks";
				IPHONEOS_DEPLOYMENT_TARGET = 14.0;
				LD_RUNPATH_SEARCH_PATHS = (
					"$(inherited)",
					"@executable_path/Frameworks",
				);
				PRODUCT_BUNDLE_IDENTIFIER = com.sdbt.Data;
				SDKROOT = iphoneos;
				SKIP_INSTALL = YES;
				TARGETED_DEVICE_FAMILY = "1,2";
				VERSIONING_SYSTEM = "apple-generic";
			};
			name = Debug;
		};
		398E9988E1C52CB8CF3F5BE1 /* Debug */ = {
			isa = XCBuildConfiguration;
			buildSettings = {
				ASSETCATALOG_COMPILER_APPICON_NAME = AppIcon;
				CODE_SIGN_IDENTITY = "iPhone Developer";
				INFOPLIST_FILE = KoombeaIG/Config/Info.plist;
				IPHONEOS_DEPLOYMENT_TARGET = 14.0;
				LD_RUNPATH_SEARCH_PATHS = (
					"$(inherited)",
					"@executable_path/Frameworks",
				);
				PRODUCT_BUNDLE_IDENTIFIER = com.sdbt.KoombeaIG;
				SDKROOT = iphoneos;
				TARGETED_DEVICE_FAMILY = "1,2";
			};
			name = Debug;
		};
		529D1B219A8D55FF3B0F2CED /* Release */ = {
			isa = XCBuildConfiguration;
			buildSettings = {
				ASSETCATALOG_COMPILER_APPICON_NAME = AppIcon;
				CODE_SIGN_IDENTITY = "iPhone Developer";
				INFOPLIST_FILE = KoombeaIG/Config/Info.plist;
				IPHONEOS_DEPLOYMENT_TARGET = 14.0;
				LD_RUNPATH_SEARCH_PATHS = (
					"$(inherited)",
					"@executable_path/Frameworks",
				);
				PRODUCT_BUNDLE_IDENTIFIER = com.sdbt.KoombeaIG;
				SDKROOT = iphoneos;
				TARGETED_DEVICE_FAMILY = "1,2";
			};
			name = Release;
		};
		5E9D4D4321A0906F9B35EE40 /* Release */ = {
			isa = XCBuildConfiguration;
			buildSettings = {
				ALWAYS_SEARCH_USER_PATHS = NO;
				CLANG_ANALYZER_NONNULL = YES;
				CLANG_ANALYZER_NUMBER_OBJECT_CONVERSION = YES_AGGRESSIVE;
				CLANG_CXX_LANGUAGE_STANDARD = "gnu++14";
				CLANG_CXX_LIBRARY = "libc++";
				CLANG_ENABLE_MODULES = YES;
				CLANG_ENABLE_OBJC_ARC = YES;
				CLANG_ENABLE_OBJC_WEAK = YES;
				CLANG_WARN_BLOCK_CAPTURE_AUTORELEASING = YES;
				CLANG_WARN_BOOL_CONVERSION = YES;
				CLANG_WARN_COMMA = YES;
				CLANG_WARN_CONSTANT_CONVERSION = YES;
				CLANG_WARN_DEPRECATED_OBJC_IMPLEMENTATIONS = YES;
				CLANG_WARN_DIRECT_OBJC_ISA_USAGE = YES_ERROR;
				CLANG_WARN_DOCUMENTATION_COMMENTS = YES;
				CLANG_WARN_EMPTY_BODY = YES;
				CLANG_WARN_ENUM_CONVERSION = YES;
				CLANG_WARN_INFINITE_RECURSION = YES;
				CLANG_WARN_INT_CONVERSION = YES;
				CLANG_WARN_NON_LITERAL_NULL_CONVERSION = YES;
				CLANG_WARN_OBJC_IMPLICIT_RETAIN_SELF = YES;
				CLANG_WARN_OBJC_LITERAL_CONVERSION = YES;
				CLANG_WARN_OBJC_ROOT_CLASS = YES_ERROR;
				CLANG_WARN_QUOTED_INCLUDE_IN_FRAMEWORK_HEADER = YES;
				CLANG_WARN_RANGE_LOOP_ANALYSIS = YES;
				CLANG_WARN_STRICT_PROTOTYPES = YES;
				CLANG_WARN_SUSPICIOUS_MOVE = YES;
				CLANG_WARN_UNGUARDED_AVAILABILITY = YES_AGGRESSIVE;
				CLANG_WARN_UNREACHABLE_CODE = YES;
				CLANG_WARN__DUPLICATE_METHOD_MATCH = YES;
				COPY_PHASE_STRIP = NO;
				DEBUG_INFORMATION_FORMAT = "dwarf-with-dsym";
				ENABLE_NS_ASSERTIONS = NO;
				ENABLE_STRICT_OBJC_MSGSEND = YES;
				GCC_C_LANGUAGE_STANDARD = gnu11;
				GCC_NO_COMMON_BLOCKS = YES;
				GCC_WARN_64_TO_32_BIT_CONVERSION = YES;
				GCC_WARN_ABOUT_RETURN_TYPE = YES_ERROR;
				GCC_WARN_UNDECLARED_SELECTOR = YES;
				GCC_WARN_UNINITIALIZED_AUTOS = YES_AGGRESSIVE;
				GCC_WARN_UNUSED_FUNCTION = YES;
				GCC_WARN_UNUSED_VARIABLE = YES;
				MTL_ENABLE_DEBUG_INFO = NO;
				MTL_FAST_MATH = YES;
				PRODUCT_NAME = "$(TARGET_NAME)";
				SDKROOT = iphoneos;
				SWIFT_COMPILATION_MODE = wholemodule;
				SWIFT_OPTIMIZATION_LEVEL = "-O";
				SWIFT_VERSION = 5.0;
			};
			name = Release;
		};
		783D77D550E6B07728DB37B0 /* Debug */ = {
			isa = XCBuildConfiguration;
			buildSettings = {
				BUNDLE_LOADER = "$(TEST_HOST)";
				INFOPLIST_FILE = DataTests/Info.plist;
				IPHONEOS_DEPLOYMENT_TARGET = 14.0;
				LD_RUNPATH_SEARCH_PATHS = (
					"$(inherited)",
					"@executable_path/Frameworks",
					"@loader_path/Frameworks",
				);
				PRODUCT_BUNDLE_IDENTIFIER = com.sdbt.DataTests;
				SDKROOT = iphoneos;
				TARGETED_DEVICE_FAMILY = "1,2";
			};
			name = Debug;
		};
		78D8EF455AD7AC1D049D07E9 /* Debug */ = {
			isa = XCBuildConfiguration;
			buildSettings = {
				CODE_SIGN_IDENTITY = "";
				CURRENT_PROJECT_VERSION = 1;
				DEFINES_MODULE = YES;
				DYLIB_COMPATIBILITY_VERSION = 1;
				DYLIB_CURRENT_VERSION = 1;
				DYLIB_INSTALL_NAME_BASE = "@rpath";
				INFOPLIST_FILE = Injector/Info.plist;
				INSTALL_PATH = "$(LOCAL_LIBRARY_DIR)/Frameworks";
				IPHONEOS_DEPLOYMENT_TARGET = 14.0;
				LD_RUNPATH_SEARCH_PATHS = (
					"$(inherited)",
					"@executable_path/Frameworks",
				);
				PRODUCT_BUNDLE_IDENTIFIER = com.sdbt.Injector;
				SDKROOT = iphoneos;
				SKIP_INSTALL = YES;
				TARGETED_DEVICE_FAMILY = "1,2";
				VERSIONING_SYSTEM = "apple-generic";
			};
			name = Debug;
		};
		7A8FB7C2A1320D318E9D1A30 /* Debug */ = {
			isa = XCBuildConfiguration;
			buildSettings = {
				CODE_SIGN_IDENTITY = "";
				CURRENT_PROJECT_VERSION = 1;
				DEFINES_MODULE = YES;
				DYLIB_COMPATIBILITY_VERSION = 1;
				DYLIB_CURRENT_VERSION = 1;
				DYLIB_INSTALL_NAME_BASE = "@rpath";
				INFOPLIST_FILE = CommonFeatures/Info.plist;
				INSTALL_PATH = "$(LOCAL_LIBRARY_DIR)/Frameworks";
				IPHONEOS_DEPLOYMENT_TARGET = 14.0;
				LD_RUNPATH_SEARCH_PATHS = (
					"$(inherited)",
					"@executable_path/Frameworks",
				);
				PRODUCT_BUNDLE_IDENTIFIER = com.sdbt.CommonFeatures;
				SDKROOT = iphoneos;
				SKIP_INSTALL = YES;
				TARGETED_DEVICE_FAMILY = "1,2";
				VERSIONING_SYSTEM = "apple-generic";
			};
			name = Debug;
		};
		90271EB8DEF3578EBBA6F465 /* Debug */ = {
			isa = XCBuildConfiguration;
			buildSettings = {
				CODE_SIGN_IDENTITY = "";
				CURRENT_PROJECT_VERSION = 1;
				DEFINES_MODULE = YES;
				DYLIB_COMPATIBILITY_VERSION = 1;
				DYLIB_CURRENT_VERSION = 1;
				DYLIB_INSTALL_NAME_BASE = "@rpath";
				INFOPLIST_FILE = Domain/Info.plist;
				INSTALL_PATH = "$(LOCAL_LIBRARY_DIR)/Frameworks";
				IPHONEOS_DEPLOYMENT_TARGET = 14.0;
				LD_RUNPATH_SEARCH_PATHS = (
					"$(inherited)",
					"@executable_path/Frameworks",
				);
				PRODUCT_BUNDLE_IDENTIFIER = com.sdbt.Domain;
				SDKROOT = iphoneos;
				SKIP_INSTALL = YES;
				TARGETED_DEVICE_FAMILY = "1,2";
				VERSIONING_SYSTEM = "apple-generic";
			};
			name = Debug;
		};
		94AE5D81C8C0059459902CA9 /* Debug */ = {
			isa = XCBuildConfiguration;
			buildSettings = {
				BUNDLE_LOADER = "$(TEST_HOST)";
				INFOPLIST_FILE = DomainTests/Info.plist;
				IPHONEOS_DEPLOYMENT_TARGET = 14.0;
				LD_RUNPATH_SEARCH_PATHS = (
					"$(inherited)",
					"@executable_path/Frameworks",
					"@loader_path/Frameworks",
				);
				PRODUCT_BUNDLE_IDENTIFIER = com.sdbt.DomainTests;
				SDKROOT = iphoneos;
				TARGETED_DEVICE_FAMILY = "1,2";
			};
			name = Debug;
		};
		9AE8E2884D7C550A6ACAB1B0 /* Release */ = {
			isa = XCBuildConfiguration;
			buildSettings = {
				CODE_SIGN_IDENTITY = "";
				CURRENT_PROJECT_VERSION = 1;
				DEFINES_MODULE = YES;
				DYLIB_COMPATIBILITY_VERSION = 1;
				DYLIB_CURRENT_VERSION = 1;
				DYLIB_INSTALL_NAME_BASE = "@rpath";
				INFOPLIST_FILE = Data/Info.plist;
				INSTALL_PATH = "$(LOCAL_LIBRARY_DIR)/Frameworks";
				IPHONEOS_DEPLOYMENT_TARGET = 14.0;
				LD_RUNPATH_SEARCH_PATHS = (
					"$(inherited)",
					"@executable_path/Frameworks",
				);
				PRODUCT_BUNDLE_IDENTIFIER = com.sdbt.Data;
				SDKROOT = iphoneos;
				SKIP_INSTALL = YES;
				TARGETED_DEVICE_FAMILY = "1,2";
				VERSIONING_SYSTEM = "apple-generic";
			};
			name = Release;
		};
		9CEE0DAA8AFFBEADC29343CF /* Release */ = {
			isa = XCBuildConfiguration;
			buildSettings = {
				BUNDLE_LOADER = "$(TEST_HOST)";
				INFOPLIST_FILE = KoombeaIGTests/Info.plist;
				IPHONEOS_DEPLOYMENT_TARGET = 14.0;
				LD_RUNPATH_SEARCH_PATHS = (
					"$(inherited)",
					"@executable_path/Frameworks",
					"@loader_path/Frameworks",
				);
				PRODUCT_BUNDLE_IDENTIFIER = com.sdbt.KoombeaIGTests;
				SDKROOT = iphoneos;
				TARGETED_DEVICE_FAMILY = "1,2";
				TEST_HOST = "$(BUILT_PRODUCTS_DIR)/KoombeaIG.app/KoombeaIG";
			};
			name = Release;
		};
		A86BC178E33C221AA228B31C /* Release */ = {
			isa = XCBuildConfiguration;
			buildSettings = {
				CODE_SIGN_IDENTITY = "";
				CURRENT_PROJECT_VERSION = 1;
				DEFINES_MODULE = YES;
				DYLIB_COMPATIBILITY_VERSION = 1;
				DYLIB_CURRENT_VERSION = 1;
				DYLIB_INSTALL_NAME_BASE = "@rpath";
				INFOPLIST_FILE = Domain/Info.plist;
				INSTALL_PATH = "$(LOCAL_LIBRARY_DIR)/Frameworks";
				IPHONEOS_DEPLOYMENT_TARGET = 14.0;
				LD_RUNPATH_SEARCH_PATHS = (
					"$(inherited)",
					"@executable_path/Frameworks",
				);
				PRODUCT_BUNDLE_IDENTIFIER = com.sdbt.Domain;
				SDKROOT = iphoneos;
				SKIP_INSTALL = YES;
				TARGETED_DEVICE_FAMILY = "1,2";
				VERSIONING_SYSTEM = "apple-generic";
			};
			name = Release;
		};
		D132E91C1E58C4220D2375F8 /* Release */ = {
			isa = XCBuildConfiguration;
			buildSettings = {
				CODE_SIGN_IDENTITY = "";
				CURRENT_PROJECT_VERSION = 1;
				DEFINES_MODULE = YES;
				DYLIB_COMPATIBILITY_VERSION = 1;
				DYLIB_CURRENT_VERSION = 1;
				DYLIB_INSTALL_NAME_BASE = "@rpath";
				INFOPLIST_FILE = CommonFeatures/Info.plist;
				INSTALL_PATH = "$(LOCAL_LIBRARY_DIR)/Frameworks";
				IPHONEOS_DEPLOYMENT_TARGET = 14.0;
				LD_RUNPATH_SEARCH_PATHS = (
					"$(inherited)",
					"@executable_path/Frameworks",
				);
				PRODUCT_BUNDLE_IDENTIFIER = com.sdbt.CommonFeatures;
				SDKROOT = iphoneos;
				SKIP_INSTALL = YES;
				TARGETED_DEVICE_FAMILY = "1,2";
				VERSIONING_SYSTEM = "apple-generic";
			};
			name = Release;
		};
		D1E1C392722D5BB7EEABE1B5 /* Debug */ = {
			isa = XCBuildConfiguration;
			buildSettings = {
				ALWAYS_SEARCH_USER_PATHS = NO;
				CLANG_ANALYZER_NONNULL = YES;
				CLANG_ANALYZER_NUMBER_OBJECT_CONVERSION = YES_AGGRESSIVE;
				CLANG_CXX_LANGUAGE_STANDARD = "gnu++14";
				CLANG_CXX_LIBRARY = "libc++";
				CLANG_ENABLE_MODULES = YES;
				CLANG_ENABLE_OBJC_ARC = YES;
				CLANG_ENABLE_OBJC_WEAK = YES;
				CLANG_WARN_BLOCK_CAPTURE_AUTORELEASING = YES;
				CLANG_WARN_BOOL_CONVERSION = YES;
				CLANG_WARN_COMMA = YES;
				CLANG_WARN_CONSTANT_CONVERSION = YES;
				CLANG_WARN_DEPRECATED_OBJC_IMPLEMENTATIONS = YES;
				CLANG_WARN_DIRECT_OBJC_ISA_USAGE = YES_ERROR;
				CLANG_WARN_DOCUMENTATION_COMMENTS = YES;
				CLANG_WARN_EMPTY_BODY = YES;
				CLANG_WARN_ENUM_CONVERSION = YES;
				CLANG_WARN_INFINITE_RECURSION = YES;
				CLANG_WARN_INT_CONVERSION = YES;
				CLANG_WARN_NON_LITERAL_NULL_CONVERSION = YES;
				CLANG_WARN_OBJC_IMPLICIT_RETAIN_SELF = YES;
				CLANG_WARN_OBJC_LITERAL_CONVERSION = YES;
				CLANG_WARN_OBJC_ROOT_CLASS = YES_ERROR;
				CLANG_WARN_QUOTED_INCLUDE_IN_FRAMEWORK_HEADER = YES;
				CLANG_WARN_RANGE_LOOP_ANALYSIS = YES;
				CLANG_WARN_STRICT_PROTOTYPES = YES;
				CLANG_WARN_SUSPICIOUS_MOVE = YES;
				CLANG_WARN_UNGUARDED_AVAILABILITY = YES_AGGRESSIVE;
				CLANG_WARN_UNREACHABLE_CODE = YES;
				CLANG_WARN__DUPLICATE_METHOD_MATCH = YES;
				COPY_PHASE_STRIP = NO;
				DEBUG_INFORMATION_FORMAT = dwarf;
				ENABLE_STRICT_OBJC_MSGSEND = YES;
				ENABLE_TESTABILITY = YES;
				GCC_C_LANGUAGE_STANDARD = gnu11;
				GCC_DYNAMIC_NO_PIC = NO;
				GCC_NO_COMMON_BLOCKS = YES;
				GCC_OPTIMIZATION_LEVEL = 0;
				GCC_PREPROCESSOR_DEFINITIONS = (
					"$(inherited)",
					"DEBUG=1",
				);
				GCC_WARN_64_TO_32_BIT_CONVERSION = YES;
				GCC_WARN_ABOUT_RETURN_TYPE = YES_ERROR;
				GCC_WARN_UNDECLARED_SELECTOR = YES;
				GCC_WARN_UNINITIALIZED_AUTOS = YES_AGGRESSIVE;
				GCC_WARN_UNUSED_FUNCTION = YES;
				GCC_WARN_UNUSED_VARIABLE = YES;
				MTL_ENABLE_DEBUG_INFO = INCLUDE_SOURCE;
				MTL_FAST_MATH = YES;
				ONLY_ACTIVE_ARCH = YES;
				PRODUCT_NAME = "$(TARGET_NAME)";
				SDKROOT = iphoneos;
				SWIFT_ACTIVE_COMPILATION_CONDITIONS = DEBUG;
				SWIFT_OPTIMIZATION_LEVEL = "-Onone";
				SWIFT_VERSION = 5.0;
			};
			name = Debug;
		};
		F278BBE37B29AE76FA19C22D /* Debug */ = {
			isa = XCBuildConfiguration;
			buildSettings = {
				BUNDLE_LOADER = "$(TEST_HOST)";
				INFOPLIST_FILE = KoombeaIGTests/Info.plist;
				IPHONEOS_DEPLOYMENT_TARGET = 14.0;
				LD_RUNPATH_SEARCH_PATHS = (
					"$(inherited)",
					"@executable_path/Frameworks",
					"@loader_path/Frameworks",
				);
				PRODUCT_BUNDLE_IDENTIFIER = com.sdbt.KoombeaIGTests;
				SDKROOT = iphoneos;
				TARGETED_DEVICE_FAMILY = "1,2";
				TEST_HOST = "$(BUILT_PRODUCTS_DIR)/KoombeaIG.app/KoombeaIG";
			};
			name = Debug;
		};
/* End XCBuildConfiguration section */

/* Begin XCConfigurationList section */
		0AF23A195624DE00A646EDB9 /* Build configuration list for PBXNativeTarget "Data" */ = {
			isa = XCConfigurationList;
			buildConfigurations = (
				2B410BDD9563290C3A587624 /* Debug */,
				9AE8E2884D7C550A6ACAB1B0 /* Release */,
			);
			defaultConfigurationIsVisible = 0;
			defaultConfigurationName = Debug;
		};
		0C041287E183F73ED8B43E54 /* Build configuration list for PBXNativeTarget "KoombeaIG" */ = {
			isa = XCConfigurationList;
			buildConfigurations = (
				398E9988E1C52CB8CF3F5BE1 /* Debug */,
				529D1B219A8D55FF3B0F2CED /* Release */,
			);
			defaultConfigurationIsVisible = 0;
			defaultConfigurationName = Debug;
		};
		29312E8A25BD06FE401A7733 /* Build configuration list for PBXNativeTarget "CommonFeatures" */ = {
			isa = XCConfigurationList;
			buildConfigurations = (
				7A8FB7C2A1320D318E9D1A30 /* Debug */,
				D132E91C1E58C4220D2375F8 /* Release */,
			);
			defaultConfigurationIsVisible = 0;
			defaultConfigurationName = Debug;
		};
		854F5308E57B59C8191B3E58 /* Build configuration list for PBXNativeTarget "DataTests" */ = {
			isa = XCConfigurationList;
			buildConfigurations = (
				783D77D550E6B07728DB37B0 /* Debug */,
				1D4ADA58E88F2293BB3E5139 /* Release */,
			);
			defaultConfigurationIsVisible = 0;
			defaultConfigurationName = Debug;
		};
		A3249CA2AB476E922581D8E4 /* Build configuration list for PBXProject "KoombeaIG" */ = {
			isa = XCConfigurationList;
			buildConfigurations = (
				D1E1C392722D5BB7EEABE1B5 /* Debug */,
				5E9D4D4321A0906F9B35EE40 /* Release */,
			);
			defaultConfigurationIsVisible = 0;
			defaultConfigurationName = Debug;
		};
		A5B34525865ACB34BE4A97A7 /* Build configuration list for PBXNativeTarget "DomainTests" */ = {
			isa = XCConfigurationList;
			buildConfigurations = (
				94AE5D81C8C0059459902CA9 /* Debug */,
				239BBC4C2751E33CE5C01E98 /* Release */,
			);
			defaultConfigurationIsVisible = 0;
			defaultConfigurationName = Debug;
		};
		AE0DC9687DE695FD64EE3047 /* Build configuration list for PBXNativeTarget "Injector" */ = {
			isa = XCConfigurationList;
			buildConfigurations = (
				78D8EF455AD7AC1D049D07E9 /* Debug */,
				23437AD6B2366276F2CDC446 /* Release */,
			);
			defaultConfigurationIsVisible = 0;
			defaultConfigurationName = Debug;
		};
		C0CBF741DBCA01BCCD837760 /* Build configuration list for PBXNativeTarget "Domain" */ = {
			isa = XCConfigurationList;
			buildConfigurations = (
				90271EB8DEF3578EBBA6F465 /* Debug */,
				A86BC178E33C221AA228B31C /* Release */,
			);
			defaultConfigurationIsVisible = 0;
			defaultConfigurationName = Debug;
		};
		C7716AEF0B8D26EB0BD05027 /* Build configuration list for PBXNativeTarget "KoombeaIGTests" */ = {
			isa = XCConfigurationList;
			buildConfigurations = (
				F278BBE37B29AE76FA19C22D /* Debug */,
				9CEE0DAA8AFFBEADC29343CF /* Release */,
			);
			defaultConfigurationIsVisible = 0;
			defaultConfigurationName = Debug;
		};
/* End XCConfigurationList section */

/* Begin XCRemoteSwiftPackageReference section */
		8A46492D61627A5A2BD15DCE /* XCRemoteSwiftPackageReference "Kingfisher" */ = {
			isa = XCRemoteSwiftPackageReference;
			repositoryURL = "https://github.com/onevcat/Kingfisher.git";
			requirement = {
				kind = upToNextMajorVersion;
				minimumVersion = 6.0.1;
			};
		};
		99631550B4EB622AC53213BA /* XCRemoteSwiftPackageReference "PromiseKit" */ = {
			isa = XCRemoteSwiftPackageReference;
			repositoryURL = "https://github.com/mxcl/PromiseKit";
			requirement = {
				kind = upToNextMajorVersion;
				minimumVersion = 6.8.0;
			};
		};
/* End XCRemoteSwiftPackageReference section */

/* Begin XCSwiftPackageProductDependency section */
		AE17F3EC3A52D5F96E0EE991 /* Kingfisher */ = {
			isa = XCSwiftPackageProductDependency;
			package = 8A46492D61627A5A2BD15DCE /* XCRemoteSwiftPackageReference "Kingfisher" */;
			productName = Kingfisher;
		};
		AE6FB887BDF95D609A7BBCD7 /* PromiseKit */ = {
			isa = XCSwiftPackageProductDependency;
			package = 99631550B4EB622AC53213BA /* XCRemoteSwiftPackageReference "PromiseKit" */;
			productName = PromiseKit;
		};
/* End XCSwiftPackageProductDependency section */
	};
	rootObject = DAA4C1FF58459B3E793F6E74 /* Project object */;
}
